PODS:
  - Flutter (1.0.0)
  - flutter_screenshot_detect (0.0.1):
    - Flutter
  - receive_sharing_intent (1.8.1):
    - Flutter
  - sign_in_with_apple (0.0.1):
    - Flutter
  - stockfish (1.8.1):
    - Flutter
  - terminate_restart (1.1.0):
    - Flutter

DEPENDENCIES:
  - Flutter (from `Flutter`)
  - flutter_screenshot_detect (from `.symlinks/plugins/flutter_screenshot_detect/ios`)
  - receive_sharing_intent (from `.symlinks/plugins/receive_sharing_intent/ios`)
  - sign_in_with_apple (from `.symlinks/plugins/sign_in_with_apple/ios`)
  - stockfish (from `.symlinks/plugins/stockfish/ios`)
  - terminate_restart (from `.symlinks/plugins/terminate_restart/ios`)

EXTERNAL SOURCES:
  Flutter:
    :path: Flutter
  flutter_screenshot_detect:
    :path: ".symlinks/plugins/flutter_screenshot_detect/ios"
  receive_sharing_intent:
    :path: ".symlinks/plugins/receive_sharing_intent/ios"
  sign_in_with_apple:
    :path: ".symlinks/plugins/sign_in_with_apple/ios"
  stockfish:
    :path: ".symlinks/plugins/stockfish/ios"
  terminate_restart:
    :path: ".symlinks/plugins/terminate_restart/ios"

SPEC CHECKSUMS:
  Flutter: 71a624a5bc0c04062bf19101d501e466baf2fb47
  flutter_screenshot_detect: 1617896225a428f4aef698050c8900460566e1ff
  receive_sharing_intent: 222384f00ffe7e952bbfabaa9e3967cb87e5fe00
  sign_in_with_apple: c5dcc141574c8c54d5ac99dd2163c0c72ad22418
  stockfish: b4eb49218804f8fa1ee5fef01e5e760c54df0436
  terminate_restart: 0fc748d0a297afebc179251b11b8d47771918601

PODFILE CHECKSUM: 5884fe606900b72142e78e625a0cbce4992c5cfa

COCOAPODS: 1.16.2
